
Microsoft Visual Studio Solution File, Format Version 12.00
# Visual Studio Version 16
VisualStudioVersion = 16.0.30225.117
MinimumVisualStudioVersion = 10.0.40219.1
Project("{FAE04EC0-301F-11D3-BF4B-00C04F79EFBC}") = "ScrewdriverGenerator.View", "ScrewdriverGenerator.View\ScrewdriverGenerator.View.csproj", "{EB55094A-B589-439C-9C43-742F562FEBEF}"
	ProjectSection(ProjectDependencies) = postProject
		{59282823-06E2-4CDF-B0BD-BC0E605C9766} = {59282823-06E2-4CDF-B0BD-BC0E605C9766}
	EndProjectSection
EndProject
Project("{FAE04EC0-301F-11D3-BF4B-00C04F79EFBC}") = "ScrewdriverGenerator.Model", "ScrewdriverGenerator.Model\ScrewdriverGenerator.Model.csproj", "{72D1538C-0652-4BCF-8DB3-E7F4A78A8C64}"
EndProject
Project("{FAE04EC0-301F-11D3-BF4B-00C04F79EFBC}") = "ScrewdriverGenerator.Wrapper", "ScrewdriverGenerator.Wrapper\ScrewdriverGenerator.Wrapper.csproj", "{59282823-06E2-4CDF-B0BD-BC0E605C9766}"
EndProject
Project("{FAE04EC0-301F-11D3-BF4B-00C04F79EFBC}") = "ScrewdriverGenerator.UnitTest", "ScrewdriverGenerator.UnitTest\ScrewdriverGenerator.UnitTest.csproj", "{E1097907-AC79-4EB3-A323-0E0ACC12630D}"
EndProject
Project("{FAE04EC0-301F-11D3-BF4B-00C04F79EFBC}") = "ScrewdriverGenerator.StressTest", "ScrewdriverGenerator.StressTest\ScrewdriverGenerator.StressTest.csproj", "{DB1DCB1E-BC62-42B8-A3D5-C1D1A880D13F}"
EndProject
Global
	GlobalSection(SolutionConfigurationPlatforms) = preSolution
		Debug|Any CPU = Debug|Any CPU
		Release|Any CPU = Release|Any CPU
	EndGlobalSection
	GlobalSection(ProjectConfigurationPlatforms) = postSolution
		{EB55094A-B589-439C-9C43-742F562FEBEF}.Debug|Any CPU.ActiveCfg = Debug|Any CPU
		{EB55094A-B589-439C-9C43-742F562FEBEF}.Debug|Any CPU.Build.0 = Debug|Any CPU
		{EB55094A-B589-439C-9C43-742F562FEBEF}.Release|Any CPU.ActiveCfg = Release|Any CPU
		{EB55094A-B589-439C-9C43-742F562FEBEF}.Release|Any CPU.Build.0 = Release|Any CPU
		{72D1538C-0652-4BCF-8DB3-E7F4A78A8C64}.Debug|Any CPU.ActiveCfg = Debug|Any CPU
		{72D1538C-0652-4BCF-8DB3-E7F4A78A8C64}.Debug|Any CPU.Build.0 = Debug|Any CPU
		{72D1538C-0652-4BCF-8DB3-E7F4A78A8C64}.Release|Any CPU.ActiveCfg = Release|Any CPU
		{72D1538C-0652-4BCF-8DB3-E7F4A78A8C64}.Release|Any CPU.Build.0 = Release|Any CPU
		{59282823-06E2-4CDF-B0BD-BC0E605C9766}.Debug|Any CPU.ActiveCfg = Debug|Any CPU
		{59282823-06E2-4CDF-B0BD-BC0E605C9766}.Debug|Any CPU.Build.0 = Debug|Any CPU
		{59282823-06E2-4CDF-B0BD-BC0E605C9766}.Release|Any CPU.ActiveCfg = Release|Any CPU
		{59282823-06E2-4CDF-B0BD-BC0E605C9766}.Release|Any CPU.Build.0 = Release|Any CPU
		{E1097907-AC79-4EB3-A323-0E0ACC12630D}.Debug|Any CPU.ActiveCfg = Debug|Any CPU
		{E1097907-AC79-4EB3-A323-0E0ACC12630D}.Debug|Any CPU.Build.0 = Debug|Any CPU
		{E1097907-AC79-4EB3-A323-0E0ACC12630D}.Release|Any CPU.ActiveCfg = Release|Any CPU
		{E1097907-AC79-4EB3-A323-0E0ACC12630D}.Release|Any CPU.Build.0 = Release|Any CPU
		{DB1DCB1E-BC62-42B8-A3D5-C1D1A880D13F}.Debug|Any CPU.ActiveCfg = Debug|Any CPU
		{DB1DCB1E-BC62-42B8-A3D5-C1D1A880D13F}.Debug|Any CPU.Build.0 = Debug|Any CPU
		{DB1DCB1E-BC62-42B8-A3D5-C1D1A880D13F}.Release|Any CPU.ActiveCfg = Release|Any CPU
		{DB1DCB1E-BC62-42B8-A3D5-C1D1A880D13F}.Release|Any CPU.Build.0 = Release|Any CPU
	EndGlobalSection
	GlobalSection(SolutionProperties) = preSolution
		HideSolutionNode = FALSE
	EndGlobalSection
	GlobalSection(ExtensibilityGlobals) = postSolution
		SolutionGuid = {4F426332-5762-41ED-979F-A32DA033F550}
	EndGlobalSection
EndGlobal
