
Microsoft Visual Studio Solution File, Format Version 12.00
# Visual Studio Version 16
VisualStudioVersion = 16.0.30225.117
MinimumVisualStudioVersion = 10.0.40219.1
Project("{FAE04EC0-301F-11D3-BF4B-00C04F79EFBC}") = "ScrewdriverGenerator.View", "ScrewdriverGenerator.View\ScrewdriverGenerator.View.csproj", "{EB55094A-B589-439C-9C43-742F562FEBEF}"
EndProject
Project("{FAE04EC0-301F-11D3-BF4B-00C04F79EFBC}") = "ScrewdriverGenerator.Model", "ScrewdriverGenerator.Model\ScrewdriverGenerator.Model.csproj", "{72D1538C-0652-4BCF-8DB3-E7F4A78A8C64}"
EndProject
Global
	GlobalSection(SolutionConfigurationPlatforms) = preSolution
		Debug|Any CPU = Debug|Any CPU
		Release|Any CPU = Release|Any CPU
	EndGlobalSection
	GlobalSection(ProjectConfigurationPlatforms) = postSolution
		{EB55094A-B589-439C-9C43-742F562FEBEF}.Debug|Any CPU.ActiveCfg = Debug|Any CPU
		{EB55094A-B589-439C-9C43-742F562FEBEF}.Debug|Any CPU.Build.0 = Debug|Any CPU
		{EB55094A-B589-439C-9C43-742F562FEBEF}.Release|Any CPU.ActiveCfg = Release|Any CPU
		{EB55094A-B589-439C-9C43-742F562FEBEF}.Release|Any CPU.Build.0 = Release|Any CPU
		{72D1538C-0652-4BCF-8DB3-E7F4A78A8C64}.Debug|Any CPU.ActiveCfg = Debug|Any CPU
		{72D1538C-0652-4BCF-8DB3-E7F4A78A8C64}.Debug|Any CPU.Build.0 = Debug|Any CPU
		{72D1538C-0652-4BCF-8DB3-E7F4A78A8C64}.Release|Any CPU.ActiveCfg = Release|Any CPU
		{72D1538C-0652-4BCF-8DB3-E7F4A78A8C64}.Release|Any CPU.Build.0 = Release|Any CPU
	EndGlobalSection
	GlobalSection(SolutionProperties) = preSolution
		HideSolutionNode = FALSE
	EndGlobalSection
	GlobalSection(ExtensibilityGlobals) = postSolution
		SolutionGuid = {4F426332-5762-41ED-979F-A32DA033F550}
	EndGlobalSection
EndGlobal
